
Microsoft Visual Studio Solution File, Format Version 12.00
# Visual Studio Version 17
VisualStudioVersion = 17.7.33808.371
MinimumVisualStudioVersion = 10.0.40219.1
Project("{FAE04EC0-301F-11D3-BF4B-00C04F79EFBC}") = "DuckDuckGoose", "DuckDuckGoose\DuckDuckGoose.csproj", "{DA39C325-F5A6-4904-B686-C06B27D09565}"
EndProject
Global
	GlobalSection(SolutionConfigurationPlatforms) = preSolution
		Debug|Any CPU = Debug|Any CPU
		Release|Any CPU = Release|Any CPU
	EndGlobalSection
	GlobalSection(ProjectConfigurationPlatforms) = postSolution
		{DA39C325-F5A6-4904-B686-C06B27D09565}.Debug|Any CPU.ActiveCfg = Debug|Any CPU
		{DA39C325-F5A6-4904-B686-C06B27D09565}.Debug|Any CPU.Build.0 = Debug|Any CPU
		{DA39C325-F5A6-4904-B686-C06B27D09565}.Release|Any CPU.ActiveCfg = Release|Any CPU
		{DA39C325-F5A6-4904-B686-C06B27D09565}.Release|Any CPU.Build.0 = Release|Any CPU
	EndGlobalSection
	GlobalSection(SolutionProperties) = preSolution
		HideSolutionNode = FALSE
	EndGlobalSection
	GlobalSection(ExtensibilityGlobals) = postSolution
		SolutionGuid = {3F4B6CF8-6C2A-4239-B80F-157D9BA4ADF6}
	EndGlobalSection
EndGlobal
