
Microsoft Visual Studio Solution File, Format Version 12.00
# Visual Studio Version 17
VisualStudioVersion = 17.8.34004.107
MinimumVisualStudioVersion = 10.0.40219.1
Project("{9A19103F-16F7-4668-BE54-9A1E7A4F7556}") = "MergeSory", "MergeSory\MergeSory.csproj", "{C26340E2-F662-4A2E-8578-19FA07413533}"
EndProject
Project("{FAE04EC0-301F-11D3-BF4B-00C04F79EFBC}") = "TestMerge", "TestMerge\TestMerge.csproj", "{BC47BFB2-A5F1-484A-95A1-0231C3DD47B6}"
EndProject
Global
	GlobalSection(SolutionConfigurationPlatforms) = preSolution
		Debug|Any CPU = Debug|Any CPU
		Release|Any CPU = Release|Any CPU
	EndGlobalSection
	GlobalSection(ProjectConfigurationPlatforms) = postSolution
		{C26340E2-F662-4A2E-8578-19FA07413533}.Debug|Any CPU.ActiveCfg = Debug|Any CPU
		{C26340E2-F662-4A2E-8578-19FA07413533}.Debug|Any CPU.Build.0 = Debug|Any CPU
		{C26340E2-F662-4A2E-8578-19FA07413533}.Release|Any CPU.ActiveCfg = Release|Any CPU
		{C26340E2-F662-4A2E-8578-19FA07413533}.Release|Any CPU.Build.0 = Release|Any CPU
		{BC47BFB2-A5F1-484A-95A1-0231C3DD47B6}.Debug|Any CPU.ActiveCfg = Debug|Any CPU
		{BC47BFB2-A5F1-484A-95A1-0231C3DD47B6}.Debug|Any CPU.Build.0 = Debug|Any CPU
		{BC47BFB2-A5F1-484A-95A1-0231C3DD47B6}.Release|Any CPU.ActiveCfg = Release|Any CPU
		{BC47BFB2-A5F1-484A-95A1-0231C3DD47B6}.Release|Any CPU.Build.0 = Release|Any CPU
	EndGlobalSection
	GlobalSection(SolutionProperties) = preSolution
		HideSolutionNode = FALSE
	EndGlobalSection
	GlobalSection(ExtensibilityGlobals) = postSolution
		SolutionGuid = {A8AD62B0-A203-4122-8408-D052962E3CE2}
	EndGlobalSection
EndGlobal
