
Microsoft Visual Studio Solution File, Format Version 12.00
# Visual Studio Version 17
VisualStudioVersion = 17.7.33808.371
MinimumVisualStudioVersion = 10.0.40219.1
Project("{9A19103F-16F7-4668-BE54-9A1E7A4F7556}") = "Challenge10-stack-and-queue", "Challenge10-stack-and-queue\Challenge10-stack-and-queue.csproj", "{D5AD9DD3-8F9E-4A41-8346-445C2593E331}"
EndProject
Project("{9A19103F-16F7-4668-BE54-9A1E7A4F7556}") = "Test-stack", "Test-stack-and-queue\Test-stack.csproj", "{60F7212A-BA62-416C-8E9F-4E50FD551203}"
EndProject
Project("{9A19103F-16F7-4668-BE54-9A1E7A4F7556}") = "Test-Queue", "Test-Queue\Test-Queue.csproj", "{32F644A0-0EEE-41EA-907A-2A190412BCBA}"
EndProject
Project("{FAE04EC0-301F-11D3-BF4B-00C04F79EFBC}") = "QueueShelter", "QueueShelter\QueueShelter.csproj", "{8EDDE7AD-A64E-4AEB-9ECB-D0C73F377401}"
EndProject
Global
	GlobalSection(SolutionConfigurationPlatforms) = preSolution
		Debug|Any CPU = Debug|Any CPU
		Release|Any CPU = Release|Any CPU
	EndGlobalSection
	GlobalSection(ProjectConfigurationPlatforms) = postSolution
		{D5AD9DD3-8F9E-4A41-8346-445C2593E331}.Debug|Any CPU.ActiveCfg = Debug|Any CPU
		{D5AD9DD3-8F9E-4A41-8346-445C2593E331}.Debug|Any CPU.Build.0 = Debug|Any CPU
		{D5AD9DD3-8F9E-4A41-8346-445C2593E331}.Release|Any CPU.ActiveCfg = Release|Any CPU
		{D5AD9DD3-8F9E-4A41-8346-445C2593E331}.Release|Any CPU.Build.0 = Release|Any CPU
		{60F7212A-BA62-416C-8E9F-4E50FD551203}.Debug|Any CPU.ActiveCfg = Debug|Any CPU
		{60F7212A-BA62-416C-8E9F-4E50FD551203}.Debug|Any CPU.Build.0 = Debug|Any CPU
		{60F7212A-BA62-416C-8E9F-4E50FD551203}.Release|Any CPU.ActiveCfg = Release|Any CPU
		{60F7212A-BA62-416C-8E9F-4E50FD551203}.Release|Any CPU.Build.0 = Release|Any CPU
		{32F644A0-0EEE-41EA-907A-2A190412BCBA}.Debug|Any CPU.ActiveCfg = Debug|Any CPU
		{32F644A0-0EEE-41EA-907A-2A190412BCBA}.Debug|Any CPU.Build.0 = Debug|Any CPU
		{32F644A0-0EEE-41EA-907A-2A190412BCBA}.Release|Any CPU.ActiveCfg = Release|Any CPU
		{32F644A0-0EEE-41EA-907A-2A190412BCBA}.Release|Any CPU.Build.0 = Release|Any CPU
		{8EDDE7AD-A64E-4AEB-9ECB-D0C73F377401}.Debug|Any CPU.ActiveCfg = Debug|Any CPU
		{8EDDE7AD-A64E-4AEB-9ECB-D0C73F377401}.Debug|Any CPU.Build.0 = Debug|Any CPU
		{8EDDE7AD-A64E-4AEB-9ECB-D0C73F377401}.Release|Any CPU.ActiveCfg = Release|Any CPU
		{8EDDE7AD-A64E-4AEB-9ECB-D0C73F377401}.Release|Any CPU.Build.0 = Release|Any CPU
	EndGlobalSection
	GlobalSection(SolutionProperties) = preSolution
		HideSolutionNode = FALSE
	EndGlobalSection
	GlobalSection(ExtensibilityGlobals) = postSolution
		SolutionGuid = {32691DB4-A309-4B97-821A-4A447A71FF1F}
	EndGlobalSection
EndGlobal
