
Microsoft Visual Studio Solution File, Format Version 12.00
# Visual Studio Version 17
VisualStudioVersion = 17.7.33808.371
MinimumVisualStudioVersion = 10.0.40219.1
Project("{FAE04EC0-301F-11D3-BF4B-00C04F79EFBC}") = "Challange08-linked-list-zip", "Challange08-linked-list-zip\Challange08-linked-list-zip.csproj", "{31B6817E-C4FD-4FEB-83B7-5AE6A71C49CC}"
EndProject
Project("{FAE04EC0-301F-11D3-BF4B-00C04F79EFBC}") = "linked-list-zipTest", "linked-list-zipTest\linked-list-zipTest.csproj", "{DAFAF440-81E0-4C98-9BA7-1A1BF1BD60B9}"
EndProject
Global
	GlobalSection(SolutionConfigurationPlatforms) = preSolution
		Debug|Any CPU = Debug|Any CPU
		Release|Any CPU = Release|Any CPU
	EndGlobalSection
	GlobalSection(ProjectConfigurationPlatforms) = postSolution
		{31B6817E-C4FD-4FEB-83B7-5AE6A71C49CC}.Debug|Any CPU.ActiveCfg = Debug|Any CPU
		{31B6817E-C4FD-4FEB-83B7-5AE6A71C49CC}.Debug|Any CPU.Build.0 = Debug|Any CPU
		{31B6817E-C4FD-4FEB-83B7-5AE6A71C49CC}.Release|Any CPU.ActiveCfg = Release|Any CPU
		{31B6817E-C4FD-4FEB-83B7-5AE6A71C49CC}.Release|Any CPU.Build.0 = Release|Any CPU
		{DAFAF440-81E0-4C98-9BA7-1A1BF1BD60B9}.Debug|Any CPU.ActiveCfg = Debug|Any CPU
		{DAFAF440-81E0-4C98-9BA7-1A1BF1BD60B9}.Debug|Any CPU.Build.0 = Debug|Any CPU
		{DAFAF440-81E0-4C98-9BA7-1A1BF1BD60B9}.Release|Any CPU.ActiveCfg = Release|Any CPU
		{DAFAF440-81E0-4C98-9BA7-1A1BF1BD60B9}.Release|Any CPU.Build.0 = Release|Any CPU
	EndGlobalSection
	GlobalSection(SolutionProperties) = preSolution
		HideSolutionNode = FALSE
	EndGlobalSection
	GlobalSection(ExtensibilityGlobals) = postSolution
		SolutionGuid = {0F49E032-BFEA-4409-8FB5-5F30A509688A}
	EndGlobalSection
EndGlobal
